
Microsoft Visual Studio Solution File, Format Version 12.00
# Visual Studio Version 17
VisualStudioVersion = 17.13.35919.96 d17.13
MinimumVisualStudioVersion = 10.0.40219.1
Project("{FAE04EC0-301F-11D3-BF4B-00C04F79EFBC}") = "OOPConceptsDemo", "OOPConceptsDemo\OOPConceptsDemo.csproj", "{97CB14D4-66C8-4638-AFDD-5AEED1A23F97}"
EndProject
Global
	GlobalSection(SolutionConfigurationPlatforms) = preSolution
		Debug|Any CPU = Debug|Any CPU
		Release|Any CPU = Release|Any CPU
	EndGlobalSection
	GlobalSection(ProjectConfigurationPlatforms) = postSolution
		{97CB14D4-66C8-4638-AFDD-5AEED1A23F97}.Debug|Any CPU.ActiveCfg = Debug|Any CPU
		{97CB14D4-66C8-4638-AFDD-5AEED1A23F97}.Debug|Any CPU.Build.0 = Debug|Any CPU
		{97CB14D4-66C8-4638-AFDD-5AEED1A23F97}.Release|Any CPU.ActiveCfg = Release|Any CPU
		{97CB14D4-66C8-4638-AFDD-5AEED1A23F97}.Release|Any CPU.Build.0 = Release|Any CPU
	EndGlobalSection
	GlobalSection(SolutionProperties) = preSolution
		HideSolutionNode = FALSE
	EndGlobalSection
	GlobalSection(ExtensibilityGlobals) = postSolution
		SolutionGuid = {CF9BA7C1-8C30-4391-826E-32A562F02D15}
	EndGlobalSection
EndGlobal
